{
  "name": "Trinity_Games_landing",
  "lockfileVersion": 2,
  "requires": true,
  "packages": {
    "": {
      "dependencies": {
        "jquery-scrollify": "^1.0.21"
      }
    },
    "node_modules/jquery": {
      "version": "3.6.0",
      "resolved": "https://registry.npmjs.org/jquery/-/jquery-3.6.0.tgz",
      "integrity": "sha512-JVzAR/AjBvVt2BmYhxRCSYysDsPcssdmTFnzyLEts9qNwmjmu4JTAMYubEfwVOSwpQ1I1sKKFcxhZCI2buerfw=="
    },
    "node_modules/jquery-scrollify": {
      "version": "1.0.21",
      "resolved": "https://registry.npmjs.org/jquery-scrollify/-/jquery-scrollify-1.0.21.tgz",
      "integrity": "sha512-uh/ltqmyIV8h1AvuQH0foZdSWVNqJglV0+WL84qOJMYWfvB7OxXDFfmfKUUOHSi1WnhYlKbi6QeRRb7x0pJJbQ==",
      "dependencies": {
        "jquery": ">=1.7"
      }
    }
  },
  "dependencies": {
    "jquery": {
      "version": "3.6.0",
      "resolved": "https://registry.npmjs.org/jquery/-/jquery-3.6.0.tgz",
      "integrity": "sha512-JVzAR/AjBvVt2BmYhxRCSYysDsPcssdmTFnzyLEts9qNwmjmu4JTAMYubEfwVOSwpQ1I1sKKFcxhZCI2buerfw=="
    },
    "jquery-scrollify": {
      "version": "1.0.21",
      "resolved": "https://registry.npmjs.org/jquery-scrollify/-/jquery-scrollify-1.0.21.tgz",
      "integrity": "sha512-uh/ltqmyIV8h1AvuQH0foZdSWVNqJglV0+WL84qOJMYWfvB7OxXDFfmfKUUOHSi1WnhYlKbi6QeRRb7x0pJJbQ==",
      "requires": {
        "jquery": ">=1.7"
      }
    }
  }
}
